
Microsoft Visual Studio Solution File, Format Version 10.00
# Visual C++ Express 2008
Project("{8BC9CEB8-8B4A-11D0-8D11-00A0C91BC942}") = "eyes new", "eyes new\eyes new.vcproj", "{192F8F22-AC15-499D-B07C-86402775B9C3}"
EndProject
Global
	GlobalSection(SolutionConfigurationPlatforms) = preSolution
		Debug|Win32 = Debug|Win32
		Release|Win32 = Release|Win32
	EndGlobalSection
	GlobalSection(ProjectConfigurationPlatforms) = postSolution
		{192F8F22-AC15-499D-B07C-86402775B9C3}.Debug|Win32.ActiveCfg = Debug|Win32
		{192F8F22-AC15-499D-B07C-86402775B9C3}.Debug|Win32.Build.0 = Debug|Win32
		{192F8F22-AC15-499D-B07C-86402775B9C3}.Release|Win32.ActiveCfg = Release|Win32
		{192F8F22-AC15-499D-B07C-86402775B9C3}.Release|Win32.Build.0 = Release|Win32
	EndGlobalSection
	GlobalSection(SolutionProperties) = preSolution
		HideSolutionNode = FALSE
	EndGlobalSection
EndGlobal
